// !$*UTF8*$!
{
	archiveVersion = 1;
	classes = {
	};
	objectVersion = 46;
	objects = {

/* Begin PBXBuildFile section */
		C220E38D1987862700B407F8 /* home_BigSword.jpg in Resources */ = {isa = PBXBuildFile; fileRef = C220E3811987862700B407F8 /* home_BigSword.jpg */; };
		C220E38E1987862700B407F8 /* home_DuckSky.jpg in Resources */ = {isa = PBXBuildFile; fileRef = C220E3821987862700B407F8 /* home_DuckSky.jpg */; };
		C220E38F1987862700B407F8 /* home_FairyTail.jpg in Resources */ = {isa = PBXBuildFile; fileRef = C220E3831987862700B407F8 /* home_FairyTail.jpg */; };
		C220E3901987862700B407F8 /* home_FoodCaptive.jpg in Resources */ = {isa = PBXBuildFile; fileRef = C220E3841987862700B407F8 /* home_FoodCaptive.jpg */; };
		C220E3921987862700B407F8 /* home_Gintama.jpg in Resources */ = {isa = PBXBuildFile; fileRef = C220E3861987862700B407F8 /* home_Gintama.jpg */; };
		C220E3931987862700B407F8 /* home_Hunter.jpg in Resources */ = {isa = PBXBuildFile; fileRef = C220E3871987862700B407F8 /* home_Hunter.jpg */; };
		C220E3941987862700B407F8 /* home_LieGame.jpg in Resources */ = {isa = PBXBuildFile; fileRef = C220E3881987862700B407F8 /* home_LieGame.jpg */; };
		C220E3951987862700B407F8 /* home_Naruto.jpg in Resources */ = {isa = PBXBuildFile; fileRef = C220E3891987862700B407F8 /* home_Naruto.jpg */; };
		C220E3961987862700B407F8 /* home_OnePiece.jpg in Resources */ = {isa = PBXBuildFile; fileRef = C220E38A1987862700B407F8 /* home_OnePiece.jpg */; };
		C220E3971987862700B407F8 /* home_Volleyball.jpg in Resources */ = {isa = PBXBuildFile; fileRef = C220E38B1987862700B407F8 /* home_Volleyball.jpg */; };
		C2A7925819878FC50022A20C /* home_GiantSchool.jpg in Resources */ = {isa = PBXBuildFile; fileRef = C2A7925719878FC50022A20C /* home_GiantSchool.jpg */; };
		C2A7925C19879D430022A20C /* ISHHomeViewController.m in Sources */ = {isa = PBXBuildFile; fileRef = C2A7925B19879D430022A20C /* ISHHomeViewController.m */; };
		C2A7925F19879E710022A20C /* ISHHomeModel.m in Sources */ = {isa = PBXBuildFile; fileRef = C2A7925E19879E710022A20C /* ISHHomeModel.m */; };
		C2A792611987A3630022A20C /* home_AttackOnTitan.jpg in Resources */ = {isa = PBXBuildFile; fileRef = C2A792601987A3630022A20C /* home_AttackOnTitan.jpg */; };
		C2BDFA881987384A00B908A2 /* Foundation.framework in Frameworks */ = {isa = PBXBuildFile; fileRef = C2BDFA871987384A00B908A2 /* Foundation.framework */; };
		C2BDFA8A1987384A00B908A2 /* CoreGraphics.framework in Frameworks */ = {isa = PBXBuildFile; fileRef = C2BDFA891987384A00B908A2 /* CoreGraphics.framework */; };
		C2BDFA8C1987384A00B908A2 /* UIKit.framework in Frameworks */ = {isa = PBXBuildFile; fileRef = C2BDFA8B1987384A00B908A2 /* UIKit.framework */; };
		C2BDFA941987384A00B908A2 /* main.m in Sources */ = {isa = PBXBuildFile; fileRef = C2BDFA931987384A00B908A2 /* main.m */; };
		C2BDFAA01987384A00B908A2 /* Images.xcassets in Resources */ = {isa = PBXBuildFile; fileRef = C2BDFA9F1987384A00B908A2 /* Images.xcassets */; };
		C2BDFAA71987384A00B908A2 /* XCTest.framework in Frameworks */ = {isa = PBXBuildFile; fileRef = C2BDFAA61987384A00B908A2 /* XCTest.framework */; };
		C2BDFAA81987384A00B908A2 /* Foundation.framework in Frameworks */ = {isa = PBXBuildFile; fileRef = C2BDFA871987384A00B908A2 /* Foundation.framework */; };
		C2BDFAA91987384A00B908A2 /* UIKit.framework in Frameworks */ = {isa = PBXBuildFile; fileRef = C2BDFA8B1987384A00B908A2 /* UIKit.framework */; };
		C2BDFAB31987384A00B908A2 /* ishuhuiTests.m in Sources */ = {isa = PBXBuildFile; fileRef = C2BDFAB21987384A00B908A2 /* ishuhuiTests.m */; };
		C2BDFAC7198744AF00B908A2 /* ISHAppDelegate.m in Sources */ = {isa = PBXBuildFile; fileRef = C2BDFABF198744AF00B908A2 /* ISHAppDelegate.m */; };
		C2BDFAD61987488B00B908A2 /* BDDynamicGridCell.m in Sources */ = {isa = PBXBuildFile; fileRef = C2BDFAD01987488B00B908A2 /* BDDynamicGridCell.m */; };
		C2BDFAD71987488B00B908A2 /* BDDynamicGridViewController.m in Sources */ = {isa = PBXBuildFile; fileRef = C2BDFAD21987488B00B908A2 /* BDDynamicGridViewController.m */; };
		C2BDFAD81987488B00B908A2 /* BDRowInfo.m in Sources */ = {isa = PBXBuildFile; fileRef = C2BDFAD51987488B00B908A2 /* BDRowInfo.m */; };
		C2BDFADC19874F0F00B908A2 /* settings.png in Resources */ = {isa = PBXBuildFile; fileRef = C2BDFADA19874F0F00B908A2 /* settings.png */; };
		C2BDFADD19874F0F00B908A2 /* settings@2x.png in Resources */ = {isa = PBXBuildFile; fileRef = C2BDFADB19874F0F00B908A2 /* settings@2x.png */; };
		C2E42DF81987E60900A001D7 /* Main.storyboard in Resources */ = {isa = PBXBuildFile; fileRef = C2E42DF71987E60900A001D7 /* Main.storyboard */; };
		C2E42E191987F14100A001D7 /* InfoPlist.strings in Resources */ = {isa = PBXBuildFile; fileRef = C2E42E171987F14100A001D7 /* InfoPlist.strings */; };
		C2E42E1B1987F33B00A001D7 /* ishuhui-Info.plist in Resources */ = {isa = PBXBuildFile; fileRef = C2E42E1A1987F33B00A001D7 /* ishuhui-Info.plist */; };
/* End PBXBuildFile section */

/* Begin PBXContainerItemProxy section */
		C2BDFAAA1987384A00B908A2 /* PBXContainerItemProxy */ = {
			isa = PBXContainerItemProxy;
			containerPortal = C2BDFA7C1987384A00B908A2 /* Project object */;
			proxyType = 1;
			remoteGlobalIDString = C2BDFA831987384A00B908A2;
			remoteInfo = ishuhui;
		};
/* End PBXContainerItemProxy section */

/* Begin PBXFileReference section */
		C220E3811987862700B407F8 /* home_BigSword.jpg */ = {isa = PBXFileReference; lastKnownFileType = image.jpeg; path = home_BigSword.jpg; sourceTree = "<group>"; };
		C220E3821987862700B407F8 /* home_DuckSky.jpg */ = {isa = PBXFileReference; lastKnownFileType = image.jpeg; path = home_DuckSky.jpg; sourceTree = "<group>"; };
		C220E3831987862700B407F8 /* home_FairyTail.jpg */ = {isa = PBXFileReference; lastKnownFileType = image.jpeg; path = home_FairyTail.jpg; sourceTree = "<group>"; };
		C220E3841987862700B407F8 /* home_FoodCaptive.jpg */ = {isa = PBXFileReference; lastKnownFileType = image.jpeg; path = home_FoodCaptive.jpg; sourceTree = "<group>"; };
		C220E3861987862700B407F8 /* home_Gintama.jpg */ = {isa = PBXFileReference; lastKnownFileType = image.jpeg; path = home_Gintama.jpg; sourceTree = "<group>"; };
		C220E3871987862700B407F8 /* home_Hunter.jpg */ = {isa = PBXFileReference; lastKnownFileType = image.jpeg; path = home_Hunter.jpg; sourceTree = "<group>"; };
		C220E3881987862700B407F8 /* home_LieGame.jpg */ = {isa = PBXFileReference; lastKnownFileType = image.jpeg; path = home_LieGame.jpg; sourceTree = "<group>"; };
		C220E3891987862700B407F8 /* home_Naruto.jpg */ = {isa = PBXFileReference; lastKnownFileType = image.jpeg; path = home_Naruto.jpg; sourceTree = "<group>"; };
		C220E38A1987862700B407F8 /* home_OnePiece.jpg */ = {isa = PBXFileReference; lastKnownFileType = image.jpeg; path = home_OnePiece.jpg; sourceTree = "<group>"; };
		C220E38B1987862700B407F8 /* home_Volleyball.jpg */ = {isa = PBXFileReference; lastKnownFileType = image.jpeg; path = home_Volleyball.jpg; sourceTree = "<group>"; };
		C2A7925719878FC50022A20C /* home_GiantSchool.jpg */ = {isa = PBXFileReference; lastKnownFileType = image.jpeg; path = home_GiantSchool.jpg; sourceTree = "<group>"; };
		C2A7925A19879D430022A20C /* ISHHomeViewController.h */ = {isa = PBXFileReference; fileEncoding = 4; lastKnownFileType = sourcecode.c.h; path = ISHHomeViewController.h; sourceTree = "<group>"; };
		C2A7925B19879D430022A20C /* ISHHomeViewController.m */ = {isa = PBXFileReference; fileEncoding = 4; lastKnownFileType = sourcecode.c.objc; path = ISHHomeViewController.m; sourceTree = "<group>"; };
		C2A7925D19879E710022A20C /* ISHHomeModel.h */ = {isa = PBXFileReference; fileEncoding = 4; lastKnownFileType = sourcecode.c.h; path = ISHHomeModel.h; sourceTree = "<group>"; };
		C2A7925E19879E710022A20C /* ISHHomeModel.m */ = {isa = PBXFileReference; fileEncoding = 4; lastKnownFileType = sourcecode.c.objc; path = ISHHomeModel.m; sourceTree = "<group>"; };
		C2A792601987A3630022A20C /* home_AttackOnTitan.jpg */ = {isa = PBXFileReference; lastKnownFileType = image.jpeg; path = home_AttackOnTitan.jpg; sourceTree = "<group>"; };
		C2BDFA841987384A00B908A2 /* ishuhui.app */ = {isa = PBXFileReference; explicitFileType = wrapper.application; includeInIndex = 0; path = ishuhui.app; sourceTree = BUILT_PRODUCTS_DIR; };
		C2BDFA871987384A00B908A2 /* Foundation.framework */ = {isa = PBXFileReference; lastKnownFileType = wrapper.framework; name = Foundation.framework; path = System/Library/Frameworks/Foundation.framework; sourceTree = SDKROOT; };
		C2BDFA891987384A00B908A2 /* CoreGraphics.framework */ = {isa = PBXFileReference; lastKnownFileType = wrapper.framework; name = CoreGraphics.framework; path = System/Library/Frameworks/CoreGraphics.framework; sourceTree = SDKROOT; };
		C2BDFA8B1987384A00B908A2 /* UIKit.framework */ = {isa = PBXFileReference; lastKnownFileType = wrapper.framework; name = UIKit.framework; path = System/Library/Frameworks/UIKit.framework; sourceTree = SDKROOT; };
		C2BDFA931987384A00B908A2 /* main.m */ = {isa = PBXFileReference; lastKnownFileType = sourcecode.c.objc; path = main.m; sourceTree = "<group>"; };
		C2BDFA951987384A00B908A2 /* ishuhui-Prefix.pch */ = {isa = PBXFileReference; lastKnownFileType = sourcecode.c.h; path = "ishuhui-Prefix.pch"; sourceTree = "<group>"; };
		C2BDFA9F1987384A00B908A2 /* Images.xcassets */ = {isa = PBXFileReference; lastKnownFileType = folder.assetcatalog; path = Images.xcassets; sourceTree = "<group>"; };
		C2BDFAA51987384A00B908A2 /* ishuhuiTests.xctest */ = {isa = PBXFileReference; explicitFileType = wrapper.cfbundle; includeInIndex = 0; path = ishuhuiTests.xctest; sourceTree = BUILT_PRODUCTS_DIR; };
		C2BDFAA61987384A00B908A2 /* XCTest.framework */ = {isa = PBXFileReference; lastKnownFileType = wrapper.framework; name = XCTest.framework; path = Library/Frameworks/XCTest.framework; sourceTree = DEVELOPER_DIR; };
		C2BDFAAE1987384A00B908A2 /* ishuhuiTests-Info.plist */ = {isa = PBXFileReference; lastKnownFileType = text.plist.xml; path = "ishuhuiTests-Info.plist"; sourceTree = "<group>"; };
		C2BDFAB21987384A00B908A2 /* ishuhuiTests.m */ = {isa = PBXFileReference; lastKnownFileType = sourcecode.c.objc; path = ishuhuiTests.m; sourceTree = "<group>"; };
		C2BDFABF198744AF00B908A2 /* ISHAppDelegate.m */ = {isa = PBXFileReference; fileEncoding = 4; lastKnownFileType = sourcecode.c.objc; path = ISHAppDelegate.m; sourceTree = "<group>"; };
		C2BDFACF1987488B00B908A2 /* BDDynamicGridCell.h */ = {isa = PBXFileReference; fileEncoding = 4; lastKnownFileType = sourcecode.c.h; path = BDDynamicGridCell.h; sourceTree = "<group>"; };
		C2BDFAD01987488B00B908A2 /* BDDynamicGridCell.m */ = {isa = PBXFileReference; fileEncoding = 4; lastKnownFileType = sourcecode.c.objc; path = BDDynamicGridCell.m; sourceTree = "<group>"; };
		C2BDFAD11987488B00B908A2 /* BDDynamicGridViewController.h */ = {isa = PBXFileReference; fileEncoding = 4; lastKnownFileType = sourcecode.c.h; path = BDDynamicGridViewController.h; sourceTree = "<group>"; };
		C2BDFAD21987488B00B908A2 /* BDDynamicGridViewController.m */ = {isa = PBXFileReference; fileEncoding = 4; lastKnownFileType = sourcecode.c.objc; path = BDDynamicGridViewController.m; sourceTree = "<group>"; };
		C2BDFAD31987488B00B908A2 /* BDDynamicGridViewDelegate.h */ = {isa = PBXFileReference; fileEncoding = 4; lastKnownFileType = sourcecode.c.h; path = BDDynamicGridViewDelegate.h; sourceTree = "<group>"; };
		C2BDFAD41987488B00B908A2 /* BDRowInfo.h */ = {isa = PBXFileReference; fileEncoding = 4; lastKnownFileType = sourcecode.c.h; path = BDRowInfo.h; sourceTree = "<group>"; };
		C2BDFAD51987488B00B908A2 /* BDRowInfo.m */ = {isa = PBXFileReference; fileEncoding = 4; lastKnownFileType = sourcecode.c.objc; path = BDRowInfo.m; sourceTree = "<group>"; };
		C2BDFADA19874F0F00B908A2 /* settings.png */ = {isa = PBXFileReference; lastKnownFileType = image.png; path = settings.png; sourceTree = "<group>"; };
		C2BDFADB19874F0F00B908A2 /* settings@2x.png */ = {isa = PBXFileReference; lastKnownFileType = image.png; path = "settings@2x.png"; sourceTree = "<group>"; };
		C2BDFADE198753B800B908A2 /* ISHAppDelegate.h */ = {isa = PBXFileReference; fileEncoding = 4; lastKnownFileType = sourcecode.c.h; path = ISHAppDelegate.h; sourceTree = "<group>"; };
		C2E42DF71987E60900A001D7 /* Main.storyboard */ = {isa = PBXFileReference; fileEncoding = 4; lastKnownFileType = file.storyboard; path = Main.storyboard; sourceTree = "<group>"; };
		C2E42E181987F14100A001D7 /* en */ = {isa = PBXFileReference; lastKnownFileType = text.plist.strings; name = en; path = en.lproj/InfoPlist.strings; sourceTree = "<group>"; };
		C2E42E1A1987F33B00A001D7 /* ishuhui-Info.plist */ = {isa = PBXFileReference; fileEncoding = 4; lastKnownFileType = text.plist.xml; path = "ishuhui-Info.plist"; sourceTree = "<group>"; };
/* End PBXFileReference section */

/* Begin PBXFrameworksBuildPhase section */
		C2BDFA811987384A00B908A2 /* Frameworks */ = {
			isa = PBXFrameworksBuildPhase;
			buildActionMask = 2147483647;
			files = (
				C2BDFA8A1987384A00B908A2 /* CoreGraphics.framework in Frameworks */,
				C2BDFA8C1987384A00B908A2 /* UIKit.framework in Frameworks */,
				C2BDFA881987384A00B908A2 /* Foundation.framework in Frameworks */,
			);
			runOnlyForDeploymentPostprocessing = 0;
		};
		C2BDFAA21987384A00B908A2 /* Frameworks */ = {
			isa = PBXFrameworksBuildPhase;
			buildActionMask = 2147483647;
			files = (
				C2BDFAA71987384A00B908A2 /* XCTest.framework in Frameworks */,
				C2BDFAA91987384A00B908A2 /* UIKit.framework in Frameworks */,
				C2BDFAA81987384A00B908A2 /* Foundation.framework in Frameworks */,
			);
			runOnlyForDeploymentPostprocessing = 0;
		};
/* End PBXFrameworksBuildPhase section */

/* Begin PBXGroup section */
		C2A7925919879D430022A20C /* home */ = {
			isa = PBXGroup;
			children = (
				C2A7925A19879D430022A20C /* ISHHomeViewController.h */,
				C2A7925B19879D430022A20C /* ISHHomeViewController.m */,
				C2A7925D19879E710022A20C /* ISHHomeModel.h */,
				C2A7925E19879E710022A20C /* ISHHomeModel.m */,
			);
			path = home;
			sourceTree = "<group>";
		};
		C2BDFA7B1987384A00B908A2 = {
			isa = PBXGroup;
			children = (
				C2BDFA8D1987384A00B908A2 /* ishuhui */,
				C2BDFAAC1987384A00B908A2 /* ishuhuiTests */,
				C2BDFA861987384A00B908A2 /* Frameworks */,
				C2BDFA851987384A00B908A2 /* Products */,
			);
			sourceTree = "<group>";
		};
		C2BDFA851987384A00B908A2 /* Products */ = {
			isa = PBXGroup;
			children = (
				C2BDFA841987384A00B908A2 /* ishuhui.app */,
				C2BDFAA51987384A00B908A2 /* ishuhuiTests.xctest */,
			);
			name = Products;
			sourceTree = "<group>";
		};
		C2BDFA861987384A00B908A2 /* Frameworks */ = {
			isa = PBXGroup;
			children = (
				C2BDFA871987384A00B908A2 /* Foundation.framework */,
				C2BDFA891987384A00B908A2 /* CoreGraphics.framework */,
				C2BDFA8B1987384A00B908A2 /* UIKit.framework */,
				C2BDFAA61987384A00B908A2 /* XCTest.framework */,
			);
			name = Frameworks;
			sourceTree = "<group>";
		};
		C2BDFA8D1987384A00B908A2 /* ishuhui */ = {
			isa = PBXGroup;
			children = (
				C2BDFABD198744AF00B908A2 /* Class */,
				C2BDFAC6198744AF00B908A2 /* Resources */,
				C2BDFA9F1987384A00B908A2 /* Images.xcassets */,
				C2BDFA8E1987384A00B908A2 /* Supporting Files */,
			);
			path = ishuhui;
			sourceTree = "<group>";
		};
		C2BDFA8E1987384A00B908A2 /* Supporting Files */ = {
			isa = PBXGroup;
			children = (
				C2E42E1A1987F33B00A001D7 /* ishuhui-Info.plist */,
				C2E42E171987F14100A001D7 /* InfoPlist.strings */,
				C2BDFA931987384A00B908A2 /* main.m */,
				C2BDFA951987384A00B908A2 /* ishuhui-Prefix.pch */,
			);
			name = "Supporting Files";
			sourceTree = "<group>";
		};
		C2BDFAAC1987384A00B908A2 /* ishuhuiTests */ = {
			isa = PBXGroup;
			children = (
				C2BDFAB21987384A00B908A2 /* ishuhuiTests.m */,
				C2BDFAAD1987384A00B908A2 /* Supporting Files */,
			);
			path = ishuhuiTests;
			sourceTree = "<group>";
		};
		C2BDFAAD1987384A00B908A2 /* Supporting Files */ = {
			isa = PBXGroup;
			children = (
				C2BDFAAE1987384A00B908A2 /* ishuhuiTests-Info.plist */,
			);
			name = "Supporting Files";
			sourceTree = "<group>";
		};
		C2BDFABD198744AF00B908A2 /* Class */ = {
			isa = PBXGroup;
			children = (
				C2BDFABE198744AF00B908A2 /* AppDelegate */,
				C2BDFAC4198744AF00B908A2 /* OpenSource */,
				C2BDFAC5198744AF00B908A2 /* Scence */,
			);
			path = Class;
			sourceTree = "<group>";
		};
		C2BDFABE198744AF00B908A2 /* AppDelegate */ = {
			isa = PBXGroup;
			children = (
				C2BDFADE198753B800B908A2 /* ISHAppDelegate.h */,
				C2BDFABF198744AF00B908A2 /* ISHAppDelegate.m */,
			);
			path = AppDelegate;
			sourceTree = "<group>";
		};
		C2BDFAC4198744AF00B908A2 /* OpenSource */ = {
			isa = PBXGroup;
			children = (
				C2BDFACE1987488B00B908A2 /* BDDynamicGridViewController */,
			);
			path = OpenSource;
			sourceTree = "<group>";
		};
		C2BDFAC5198744AF00B908A2 /* Scence */ = {
			isa = PBXGroup;
			children = (
				C2E42DF71987E60900A001D7 /* Main.storyboard */,
				C2A7925919879D430022A20C /* home */,
			);
			path = Scence;
			sourceTree = "<group>";
		};
		C2BDFAC6198744AF00B908A2 /* Resources */ = {
			isa = PBXGroup;
			children = (
				C2BDFADF198759E400B908A2 /* home */,
				C2BDFAD919874F0F00B908A2 /* icon */,
			);
			path = Resources;
			sourceTree = "<group>";
		};
		C2BDFACE1987488B00B908A2 /* BDDynamicGridViewController */ = {
			isa = PBXGroup;
			children = (
				C2BDFACF1987488B00B908A2 /* BDDynamicGridCell.h */,
				C2BDFAD01987488B00B908A2 /* BDDynamicGridCell.m */,
				C2BDFAD11987488B00B908A2 /* BDDynamicGridViewController.h */,
				C2BDFAD21987488B00B908A2 /* BDDynamicGridViewController.m */,
				C2BDFAD31987488B00B908A2 /* BDDynamicGridViewDelegate.h */,
				C2BDFAD41987488B00B908A2 /* BDRowInfo.h */,
				C2BDFAD51987488B00B908A2 /* BDRowInfo.m */,
			);
			path = BDDynamicGridViewController;
			sourceTree = "<group>";
		};
		C2BDFAD919874F0F00B908A2 /* icon */ = {
			isa = PBXGroup;
			children = (
				C2BDFADA19874F0F00B908A2 /* settings.png */,
				C2BDFADB19874F0F00B908A2 /* settings@2x.png */,
			);
			path = icon;
			sourceTree = "<group>";
		};
		C2BDFADF198759E400B908A2 /* home */ = {
			isa = PBXGroup;
			children = (
				C2A792601987A3630022A20C /* home_AttackOnTitan.jpg */,
				C2A7925719878FC50022A20C /* home_GiantSchool.jpg */,
				C220E3811987862700B407F8 /* home_BigSword.jpg */,
				C220E3821987862700B407F8 /* home_DuckSky.jpg */,
				C220E3831987862700B407F8 /* home_FairyTail.jpg */,
				C220E3841987862700B407F8 /* home_FoodCaptive.jpg */,
				C220E3861987862700B407F8 /* home_Gintama.jpg */,
				C220E3871987862700B407F8 /* home_Hunter.jpg */,
				C220E3881987862700B407F8 /* home_LieGame.jpg */,
				C220E3891987862700B407F8 /* home_Naruto.jpg */,
				C220E38A1987862700B407F8 /* home_OnePiece.jpg */,
				C220E38B1987862700B407F8 /* home_Volleyball.jpg */,
			);
			path = home;
			sourceTree = "<group>";
		};
/* End PBXGroup section */

/* Begin PBXNativeTarget section */
		C2BDFA831987384A00B908A2 /* ishuhui */ = {
			isa = PBXNativeTarget;
			buildConfigurationList = C2BDFAB61987384A00B908A2 /* Build configuration list for PBXNativeTarget "ishuhui" */;
			buildPhases = (
				C2BDFA801987384A00B908A2 /* Sources */,
				C2BDFA811987384A00B908A2 /* Frameworks */,
				C2BDFA821987384A00B908A2 /* Resources */,
			);
			buildRules = (
			);
			dependencies = (
			);
			name = ishuhui;
			productName = ishuhui;
			productReference = C2BDFA841987384A00B908A2 /* ishuhui.app */;
			productType = "com.apple.product-type.application";
		};
		C2BDFAA41987384A00B908A2 /* ishuhuiTests */ = {
			isa = PBXNativeTarget;
			buildConfigurationList = C2BDFAB91987384A00B908A2 /* Build configuration list for PBXNativeTarget "ishuhuiTests" */;
			buildPhases = (
				C2BDFAA11987384A00B908A2 /* Sources */,
				C2BDFAA21987384A00B908A2 /* Frameworks */,
				C2BDFAA31987384A00B908A2 /* Resources */,
			);
			buildRules = (
			);
			dependencies = (
				C2BDFAAB1987384A00B908A2 /* PBXTargetDependency */,
			);
			name = ishuhuiTests;
			productName = ishuhuiTests;
			productReference = C2BDFAA51987384A00B908A2 /* ishuhuiTests.xctest */;
			productType = "com.apple.product-type.bundle.unit-test";
		};
/* End PBXNativeTarget section */

/* Begin PBXProject section */
		C2BDFA7C1987384A00B908A2 /* Project object */ = {
			isa = PBXProject;
			attributes = {
				CLASSPREFIX = ISH;
				LastUpgradeCheck = 0510;
				ORGANIZATIONNAME = Alatir;
				TargetAttributes = {
					C2BDFAA41987384A00B908A2 = {
						TestTargetID = C2BDFA831987384A00B908A2;
					};
				};
			};
			buildConfigurationList = C2BDFA7F1987384A00B908A2 /* Build configuration list for PBXProject "ishuhui" */;
			compatibilityVersion = "Xcode 3.2";
			developmentRegion = English;
			hasScannedForEncodings = 0;
			knownRegions = (
				en,
				Base,
				"zh-Hans",
			);
			mainGroup = C2BDFA7B1987384A00B908A2;
			productRefGroup = C2BDFA851987384A00B908A2 /* Products */;
			projectDirPath = "";
			projectRoot = "";
			targets = (
				C2BDFA831987384A00B908A2 /* ishuhui */,
				C2BDFAA41987384A00B908A2 /* ishuhuiTests */,
			);
		};
/* End PBXProject section */

/* Begin PBXResourcesBuildPhase section */
		C2BDFA821987384A00B908A2 /* Resources */ = {
			isa = PBXResourcesBuildPhase;
			buildActionMask = 2147483647;
			files = (
				C220E3961987862700B407F8 /* home_OnePiece.jpg in Resources */,
				C2BDFADD19874F0F00B908A2 /* settings@2x.png in Resources */,
				C220E3941987862700B407F8 /* home_LieGame.jpg in Resources */,
				C2BDFADC19874F0F00B908A2 /* settings.png in Resources */,
				C2E42E1B1987F33B00A001D7 /* ishuhui-Info.plist in Resources */,
				C2BDFAA01987384A00B908A2 /* Images.xcassets in Resources */,
				C2E42E191987F14100A001D7 /* InfoPlist.strings in Resources */,
				C2E42DF81987E60900A001D7 /* Main.storyboard in Resources */,
				C2A792611987A3630022A20C /* home_AttackOnTitan.jpg in Resources */,
				C220E38D1987862700B407F8 /* home_BigSword.jpg in Resources */,
				C220E3951987862700B407F8 /* home_Naruto.jpg in Resources */,
				C220E38E1987862700B407F8 /* home_DuckSky.jpg in Resources */,
				C220E38F1987862700B407F8 /* home_FairyTail.jpg in Resources */,
				C220E3901987862700B407F8 /* home_FoodCaptive.jpg in Resources */,
				C220E3921987862700B407F8 /* home_Gintama.jpg in Resources */,
				C220E3971987862700B407F8 /* home_Volleyball.jpg in Resources */,
				C2A7925819878FC50022A20C /* home_GiantSchool.jpg in Resources */,
				C220E3931987862700B407F8 /* home_Hunter.jpg in Resources */,
			);
			runOnlyForDeploymentPostprocessing = 0;
		};
		C2BDFAA31987384A00B908A2 /* Resources */ = {
			isa = PBXResourcesBuildPhase;
			buildActionMask = 2147483647;
			files = (
			);
			runOnlyForDeploymentPostprocessing = 0;
		};
/* End PBXResourcesBuildPhase section */

/* Begin PBXSourcesBuildPhase section */
		C2BDFA801987384A00B908A2 /* Sources */ = {
			isa = PBXSourcesBuildPhase;
			buildActionMask = 2147483647;
			files = (
				C2BDFAD71987488B00B908A2 /* BDDynamicGridViewController.m in Sources */,
				C2A7925C19879D430022A20C /* ISHHomeViewController.m in Sources */,
				C2BDFAD81987488B00B908A2 /* BDRowInfo.m in Sources */,
				C2A7925F19879E710022A20C /* ISHHomeModel.m in Sources */,
				C2BDFA941987384A00B908A2 /* main.m in Sources */,
				C2BDFAD61987488B00B908A2 /* BDDynamicGridCell.m in Sources */,
				C2BDFAC7198744AF00B908A2 /* ISHAppDelegate.m in Sources */,
			);
			runOnlyForDeploymentPostprocessing = 0;
		};
		C2BDFAA11987384A00B908A2 /* Sources */ = {
			isa = PBXSourcesBuildPhase;
			buildActionMask = 2147483647;
			files = (
				C2BDFAB31987384A00B908A2 /* ishuhuiTests.m in Sources */,
			);
			runOnlyForDeploymentPostprocessing = 0;
		};
/* End PBXSourcesBuildPhase section */

/* Begin PBXTargetDependency section */
		C2BDFAAB1987384A00B908A2 /* PBXTargetDependency */ = {
			isa = PBXTargetDependency;
			target = C2BDFA831987384A00B908A2 /* ishuhui */;
			targetProxy = C2BDFAAA1987384A00B908A2 /* PBXContainerItemProxy */;
		};
/* End PBXTargetDependency section */

/* Begin PBXVariantGroup section */
		C2E42E171987F14100A001D7 /* InfoPlist.strings */ = {
			isa = PBXVariantGroup;
			children = (
				C2E42E181987F14100A001D7 /* en */,
			);
			name = InfoPlist.strings;
			sourceTree = "<group>";
		};
/* End PBXVariantGroup section */

/* Begin XCBuildConfiguration section */
		C2BDFAB41987384A00B908A2 /* Debug */ = {
			isa = XCBuildConfiguration;
			buildSettings = {
				ALWAYS_SEARCH_USER_PATHS = NO;
				CLANG_CXX_LANGUAGE_STANDARD = "gnu++0x";
				CLANG_CXX_LIBRARY = "libc++";
				CLANG_ENABLE_MODULES = YES;
				CLANG_ENABLE_OBJC_ARC = YES;
				CLANG_WARN_BOOL_CONVERSION = YES;
				CLANG_WARN_CONSTANT_CONVERSION = YES;
				CLANG_WARN_DIRECT_OBJC_ISA_USAGE = YES_ERROR;
				CLANG_WARN_EMPTY_BODY = YES;
				CLANG_WARN_ENUM_CONVERSION = YES;
				CLANG_WARN_INT_CONVERSION = YES;
				CLANG_WARN_OBJC_ROOT_CLASS = YES_ERROR;
				CLANG_WARN__DUPLICATE_METHOD_MATCH = YES;
				"CODE_SIGN_IDENTITY[sdk=iphoneos*]" = "iPhone Developer";
				COPY_PHASE_STRIP = NO;
				GCC_C_LANGUAGE_STANDARD = gnu99;
				GCC_DYNAMIC_NO_PIC = NO;
				GCC_OPTIMIZATION_LEVEL = 0;
				GCC_PREPROCESSOR_DEFINITIONS = (
					"DEBUG=1",
					"$(inherited)",
				);
				GCC_SYMBOLS_PRIVATE_EXTERN = NO;
				GCC_WARN_64_TO_32_BIT_CONVERSION = YES;
				GCC_WARN_ABOUT_RETURN_TYPE = YES_ERROR;
				GCC_WARN_UNDECLARED_SELECTOR = YES;
				GCC_WARN_UNINITIALIZED_AUTOS = YES_AGGRESSIVE;
				GCC_WARN_UNUSED_FUNCTION = YES;
				GCC_WARN_UNUSED_VARIABLE = YES;
				IPHONEOS_DEPLOYMENT_TARGET = 7.1;
				ONLY_ACTIVE_ARCH = YES;
				SDKROOT = iphoneos;
			};
			name = Debug;
		};
		C2BDFAB51987384A00B908A2 /* Release */ = {
			isa = XCBuildConfiguration;
			buildSettings = {
				ALWAYS_SEARCH_USER_PATHS = NO;
				CLANG_CXX_LANGUAGE_STANDARD = "gnu++0x";
				CLANG_CXX_LIBRARY = "libc++";
				CLANG_ENABLE_MODULES = YES;
				CLANG_ENABLE_OBJC_ARC = YES;
				CLANG_WARN_BOOL_CONVERSION = YES;
				CLANG_WARN_CONSTANT_CONVERSION = YES;
				CLANG_WARN_DIRECT_OBJC_ISA_USAGE = YES_ERROR;
				CLANG_WARN_EMPTY_BODY = YES;
				CLANG_WARN_ENUM_CONVERSION = YES;
				CLANG_WARN_INT_CONVERSION = YES;
				CLANG_WARN_OBJC_ROOT_CLASS = YES_ERROR;
				CLANG_WARN__DUPLICATE_METHOD_MATCH = YES;
				"CODE_SIGN_IDENTITY[sdk=iphoneos*]" = "iPhone Developer";
				COPY_PHASE_STRIP = YES;
				ENABLE_NS_ASSERTIONS = NO;
				GCC_C_LANGUAGE_STANDARD = gnu99;
				GCC_WARN_64_TO_32_BIT_CONVERSION = YES;
				GCC_WARN_ABOUT_RETURN_TYPE = YES_ERROR;
				GCC_WARN_UNDECLARED_SELECTOR = YES;
				GCC_WARN_UNINITIALIZED_AUTOS = YES_AGGRESSIVE;
				GCC_WARN_UNUSED_FUNCTION = YES;
				GCC_WARN_UNUSED_VARIABLE = YES;
				IPHONEOS_DEPLOYMENT_TARGET = 7.1;
				SDKROOT = iphoneos;
				VALIDATE_PRODUCT = YES;
			};
			name = Release;
		};
		C2BDFAB71987384A00B908A2 /* Debug */ = {
			isa = XCBuildConfiguration;
			buildSettings = {
				ASSETCATALOG_COMPILER_APPICON_NAME = AppIcon;
				ASSETCATALOG_COMPILER_LAUNCHIMAGE_NAME = LaunchImage;
				GCC_PRECOMPILE_PREFIX_HEADER = YES;
				GCC_PREFIX_HEADER = "ishuhui/ishuhui-Prefix.pch";
				INFOPLIST_FILE = "ishuhui/ishuhui-Info.plist";
				PRODUCT_NAME = "$(TARGET_NAME)";
				WRAPPER_EXTENSION = app;
			};
			name = Debug;
		};
		C2BDFAB81987384A00B908A2 /* Release */ = {
			isa = XCBuildConfiguration;
			buildSettings = {
				ASSETCATALOG_COMPILER_APPICON_NAME = AppIcon;
				ASSETCATALOG_COMPILER_LAUNCHIMAGE_NAME = LaunchImage;
				GCC_PRECOMPILE_PREFIX_HEADER = YES;
				GCC_PREFIX_HEADER = "ishuhui/ishuhui-Prefix.pch";
				INFOPLIST_FILE = "ishuhui/ishuhui-Info.plist";
				PRODUCT_NAME = "$(TARGET_NAME)";
				WRAPPER_EXTENSION = app;
			};
			name = Release;
		};
		C2BDFABA1987384A00B908A2 /* Debug */ = {
			isa = XCBuildConfiguration;
			buildSettings = {
				BUNDLE_LOADER = "$(BUILT_PRODUCTS_DIR)/ishuhui.app/ishuhui";
				FRAMEWORK_SEARCH_PATHS = (
					"$(SDKROOT)/Developer/Library/Frameworks",
					"$(inherited)",
					"$(DEVELOPER_FRAMEWORKS_DIR)",
				);
				GCC_PRECOMPILE_PREFIX_HEADER = YES;
				GCC_PREFIX_HEADER = "ishuhui/ishuhui-Prefix.pch";
				GCC_PREPROCESSOR_DEFINITIONS = (
					"DEBUG=1",
					"$(inherited)",
				);
				INFOPLIST_FILE = "ishuhuiTests/ishuhuiTests-Info.plist";
				PRODUCT_NAME = "$(TARGET_NAME)";
				TEST_HOST = "$(BUNDLE_LOADER)";
				WRAPPER_EXTENSION = xctest;
			};
			name = Debug;
		};
		C2BDFABB1987384A00B908A2 /* Release */ = {
			isa = XCBuildConfiguration;
			buildSettings = {
				BUNDLE_LOADER = "$(BUILT_PRODUCTS_DIR)/ishuhui.app/ishuhui";
				FRAMEWORK_SEARCH_PATHS = (
					"$(SDKROOT)/Developer/Library/Frameworks",
					"$(inherited)",
					"$(DEVELOPER_FRAMEWORKS_DIR)",
				);
				GCC_PRECOMPILE_PREFIX_HEADER = YES;
				GCC_PREFIX_HEADER = "ishuhui/ishuhui-Prefix.pch";
				INFOPLIST_FILE = "ishuhuiTests/ishuhuiTests-Info.plist";
				PRODUCT_NAME = "$(TARGET_NAME)";
				TEST_HOST = "$(BUNDLE_LOADER)";
				WRAPPER_EXTENSION = xctest;
			};
			name = Release;
		};
/* End XCBuildConfiguration section */

/* Begin XCConfigurationList section */
		C2BDFA7F1987384A00B908A2 /* Build configuration list for PBXProject "ishuhui" */ = {
			isa = XCConfigurationList;
			buildConfigurations = (
				C2BDFAB41987384A00B908A2 /* Debug */,
				C2BDFAB51987384A00B908A2 /* Release */,
			);
			defaultConfigurationIsVisible = 0;
			defaultConfigurationName = Release;
		};
		C2BDFAB61987384A00B908A2 /* Build configuration list for PBXNativeTarget "ishuhui" */ = {
			isa = XCConfigurationList;
			buildConfigurations = (
				C2BDFAB71987384A00B908A2 /* Debug */,
				C2BDFAB81987384A00B908A2 /* Release */,
			);
			defaultConfigurationIsVisible = 0;
			defaultConfigurationName = Release;
		};
		C2BDFAB91987384A00B908A2 /* Build configuration list for PBXNativeTarget "ishuhuiTests" */ = {
			isa = XCConfigurationList;
			buildConfigurations = (
				C2BDFABA1987384A00B908A2 /* Debug */,
				C2BDFABB1987384A00B908A2 /* Release */,
			);
			defaultConfigurationIsVisible = 0;
			defaultConfigurationName = Release;
		};
/* End XCConfigurationList section */
	};
	rootObject = C2BDFA7C1987384A00B908A2 /* Project object */;
}
